// !$*UTF8*$!
{
	archiveVersion = 1;
	classes = {
	};
	objectVersion = 46;
	objects = {

/* Begin PBXBuildFile section */
		2977F4011B332CE000735A7E /* ETF.cpp in Sources */ = {isa = PBXBuildFile; fileRef = 2977F3E41B332CE000735A7E /* ETF.cpp */; };
		2977F4021B332CE000735A7E /* fdog.cpp in Sources */ = {isa = PBXBuildFile; fileRef = 2977F3E51B332CE000735A7E /* fdog.cpp */; };
		2977F4031B332CE000735A7E /* Calibration.cpp in Sources */ = {isa = PBXBuildFile; fileRef = 2977F3F51B332CE000735A7E /* Calibration.cpp */; };
		2977F4041B332CE000735A7E /* ContourFinder.cpp in Sources */ = {isa = PBXBuildFile; fileRef = 2977F3F61B332CE000735A7E /* ContourFinder.cpp */; };
		2977F4051B332CE000735A7E /* Distance.cpp in Sources */ = {isa = PBXBuildFile; fileRef = 2977F3F71B332CE000735A7E /* Distance.cpp */; };
		2977F4061B332CE000735A7E /* Flow.cpp in Sources */ = {isa = PBXBuildFile; fileRef = 2977F3F81B332CE000735A7E /* Flow.cpp */; };
		2977F4071B332CE000735A7E /* Helpers.cpp in Sources */ = {isa = PBXBuildFile; fileRef = 2977F3F91B332CE000735A7E /* Helpers.cpp */; };
		2977F4081B332CE000735A7E /* Kalman.cpp in Sources */ = {isa = PBXBuildFile; fileRef = 2977F3FA1B332CE000735A7E /* Kalman.cpp */; };
		2977F4091B332CE000735A7E /* ObjectFinder.cpp in Sources */ = {isa = PBXBuildFile; fileRef = 2977F3FB1B332CE000735A7E /* ObjectFinder.cpp */; };
		2977F40A1B332CE000735A7E /* RunningBackground.cpp in Sources */ = {isa = PBXBuildFile; fileRef = 2977F3FC1B332CE000735A7E /* RunningBackground.cpp */; };
		2977F40B1B332CE000735A7E /* Tracker.cpp in Sources */ = {isa = PBXBuildFile; fileRef = 2977F3FD1B332CE000735A7E /* Tracker.cpp */; };
		2977F40C1B332CE000735A7E /* Utilities.cpp in Sources */ = {isa = PBXBuildFile; fileRef = 2977F3FE1B332CE000735A7E /* Utilities.cpp */; };
		2977F40D1B332CE000735A7E /* Wrappers.cpp in Sources */ = {isa = PBXBuildFile; fileRef = 2977F3FF1B332CE000735A7E /* Wrappers.cpp */; };
		2977F40E1B332CE000735A7E /* opencv.a in Frameworks */ = {isa = PBXBuildFile; fileRef = 2977F4001B332CE000735A7E /* opencv.a */; };
		29F2A0EF1B342A7200EB0247 /* Expression.cpp in Sources */ = {isa = PBXBuildFile; fileRef = 29F2A0CC1B342A7100EB0247 /* Expression.cpp */; };
		29F2A0F01B342A7200EB0247 /* ExpressionClassifier.cpp in Sources */ = {isa = PBXBuildFile; fileRef = 29F2A0CE1B342A7100EB0247 /* ExpressionClassifier.cpp */; };
		29F2A0F11B342A7200EB0247 /* ofxFaceTracker.cpp in Sources */ = {isa = PBXBuildFile; fileRef = 29F2A0D01B342A7100EB0247 /* ofxFaceTracker.cpp */; };
		29F2A0F21B342A7200EB0247 /* license.md in Sources */ = {isa = PBXBuildFile; fileRef = 29F2A0DF1B342A7200EB0247 /* license.md */; };
		29F2A0F31B342A7200EB0247 /* CLM.cc in Sources */ = {isa = PBXBuildFile; fileRef = 29F2A0E71B342A7200EB0247 /* CLM.cc */; };
		29F2A0F41B342A7200EB0247 /* FCheck.cc in Sources */ = {isa = PBXBuildFile; fileRef = 29F2A0E81B342A7200EB0247 /* FCheck.cc */; };
		29F2A0F51B342A7200EB0247 /* FDet.cc in Sources */ = {isa = PBXBuildFile; fileRef = 29F2A0E91B342A7200EB0247 /* FDet.cc */; };
		29F2A0F61B342A7200EB0247 /* IO.cc in Sources */ = {isa = PBXBuildFile; fileRef = 29F2A0EA1B342A7200EB0247 /* IO.cc */; };
		29F2A0F71B342A7200EB0247 /* Patch.cc in Sources */ = {isa = PBXBuildFile; fileRef = 29F2A0EB1B342A7200EB0247 /* Patch.cc */; };
		29F2A0F81B342A7200EB0247 /* PAW.cc in Sources */ = {isa = PBXBuildFile; fileRef = 29F2A0EC1B342A7200EB0247 /* PAW.cc */; };
		29F2A0F91B342A7200EB0247 /* PDM.cc in Sources */ = {isa = PBXBuildFile; fileRef = 29F2A0ED1B342A7200EB0247 /* PDM.cc */; };
		29F2A0FA1B342A7200EB0247 /* Tracker.cc in Sources */ = {isa = PBXBuildFile; fileRef = 29F2A0EE1B342A7200EB0247 /* Tracker.cc */; };
		29F2A1771B34331200EB0247 /* AUParamInfo.cpp in Sources */ = {isa = PBXBuildFile; fileRef = 29F2A1491B34331200EB0247 /* AUParamInfo.cpp */; };
		29F2A1781B34331200EB0247 /* CAAUParameter.cpp in Sources */ = {isa = PBXBuildFile; fileRef = 29F2A14B1B34331200EB0247 /* CAAUParameter.cpp */; };
		29F2A1791B34331200EB0247 /* CADebugMacros.cpp in Sources */ = {isa = PBXBuildFile; fileRef = 29F2A14D1B34331200EB0247 /* CADebugMacros.cpp */; };
		29F2A17A1B34331200EB0247 /* ofxAudioUnit.cpp in Sources */ = {isa = PBXBuildFile; fileRef = 29F2A1501B34331200EB0247 /* ofxAudioUnit.cpp */; };
		29F2A17B1B34331200EB0247 /* ofxAudioUnitCocoaUtilties.mm in Sources */ = {isa = PBXBuildFile; fileRef = 29F2A1531B34331200EB0247 /* ofxAudioUnitCocoaUtilties.mm */; };
		29F2A17C1B34331200EB0247 /* ofxAudioUnitDSPNode.cpp in Sources */ = {isa = PBXBuildFile; fileRef = 29F2A1541B34331200EB0247 /* ofxAudioUnitDSPNode.cpp */; };
		29F2A17D1B34331200EB0247 /* ofxAudioUnitFftNode.cpp in Sources */ = {isa = PBXBuildFile; fileRef = 29F2A1561B34331200EB0247 /* ofxAudioUnitFftNode.cpp */; };
		29F2A17E1B34331200EB0247 /* ofxAudioUnitFilePlayer.cpp in Sources */ = {isa = PBXBuildFile; fileRef = 29F2A1581B34331200EB0247 /* ofxAudioUnitFilePlayer.cpp */; };
		29F2A17F1B34331200EB0247 /* ofxAudioUnitHardwareUtils.cpp in Sources */ = {isa = PBXBuildFile; fileRef = 29F2A15A1B34331200EB0247 /* ofxAudioUnitHardwareUtils.cpp */; };
		29F2A1801B34331200EB0247 /* ofxAudioUnitInput.cpp in Sources */ = {isa = PBXBuildFile; fileRef = 29F2A15C1B34331200EB0247 /* ofxAudioUnitInput.cpp */; };
		29F2A1811B34331200EB0247 /* ofxAudioUnitMatrixMixer.cpp in Sources */ = {isa = PBXBuildFile; fileRef = 29F2A15E1B34331200EB0247 /* ofxAudioUnitMatrixMixer.cpp */; };
		29F2A1821B34331200EB0247 /* ofxAudioUnitMidi.cpp in Sources */ = {isa = PBXBuildFile; fileRef = 29F2A1601B34331200EB0247 /* ofxAudioUnitMidi.cpp */; };
		29F2A1831B34331200EB0247 /* ofxAudioUnitMixer.cpp in Sources */ = {isa = PBXBuildFile; fileRef = 29F2A1621B34331200EB0247 /* ofxAudioUnitMixer.cpp */; };
		29F2A1841B34331200EB0247 /* ofxAudioUnitNetReceive.cpp in Sources */ = {isa = PBXBuildFile; fileRef = 29F2A1641B34331200EB0247 /* ofxAudioUnitNetReceive.cpp */; };
		29F2A1851B34331200EB0247 /* ofxAudioUnitNetSend.cpp in Sources */ = {isa = PBXBuildFile; fileRef = 29F2A1661B34331200EB0247 /* ofxAudioUnitNetSend.cpp */; };
		29F2A1861B34331200EB0247 /* ofxAudioUnitOutput.cpp in Sources */ = {isa = PBXBuildFile; fileRef = 29F2A1681B34331200EB0247 /* ofxAudioUnitOutput.cpp */; };
		29F2A1871B34331200EB0247 /* ofxAudioUnitRecorder.cpp in Sources */ = {isa = PBXBuildFile; fileRef = 29F2A16A1B34331200EB0247 /* ofxAudioUnitRecorder.cpp */; };
		29F2A1881B34331200EB0247 /* ofxAudioUnitSampler.cpp in Sources */ = {isa = PBXBuildFile; fileRef = 29F2A16C1B34331200EB0247 /* ofxAudioUnitSampler.cpp */; };
		29F2A1891B34331200EB0247 /* ofxAudioUnitSpeechSynth.cpp in Sources */ = {isa = PBXBuildFile; fileRef = 29F2A16E1B34331200EB0247 /* ofxAudioUnitSpeechSynth.cpp */; };
		29F2A18A1B34331200EB0247 /* ofxAudioUnitTap.cpp in Sources */ = {isa = PBXBuildFile; fileRef = 29F2A1701B34331200EB0247 /* ofxAudioUnitTap.cpp */; };
		29F2A18B1B34331200EB0247 /* TPCircularBuffer.c in Sources */ = {isa = PBXBuildFile; fileRef = 29F2A1741B34331200EB0247 /* TPCircularBuffer.c */; };
		29F2A18C1B34331200EB0247 /* CoreMIDI.framework in Frameworks */ = {isa = PBXBuildFile; fileRef = 29F2A1761B34331200EB0247 /* CoreMIDI.framework */; };
		29F2A18D1B34331200EB0247 /* CoreMIDI.framework in CopyFiles */ = {isa = PBXBuildFile; fileRef = 29F2A1761B34331200EB0247 /* CoreMIDI.framework */; settings = {ATTRIBUTES = (CodeSignOnCopy, RemoveHeadersOnCopy, ); }; };
		29F2A18F1B34336A00EB0247 /* AudioUnit.framework in Frameworks */ = {isa = PBXBuildFile; fileRef = 29F2A18E1B34336A00EB0247 /* AudioUnit.framework */; };
		29F2A1911B34337400EB0247 /* CoreAudioKit.framework in Frameworks */ = {isa = PBXBuildFile; fileRef = 29F2A1901B34337400EB0247 /* CoreAudioKit.framework */; };
		BBAB23CB13894F3D00AA2426 /* GLUT.framework in CopyFiles */ = {isa = PBXBuildFile; fileRef = BBAB23BE13894E4700AA2426 /* GLUT.framework */; };
		E4328149138ABC9F0047C5CB /* openFrameworksDebug.a in Frameworks */ = {isa = PBXBuildFile; fileRef = E4328148138ABC890047C5CB /* openFrameworksDebug.a */; };
		E45BE97B0E8CC7DD009D7055 /* AGL.framework in Frameworks */ = {isa = PBXBuildFile; fileRef = E45BE9710E8CC7DD009D7055 /* AGL.framework */; };
		E45BE97C0E8CC7DD009D7055 /* ApplicationServices.framework in Frameworks */ = {isa = PBXBuildFile; fileRef = E45BE9720E8CC7DD009D7055 /* ApplicationServices.framework */; };
		E45BE97D0E8CC7DD009D7055 /* AudioToolbox.framework in Frameworks */ = {isa = PBXBuildFile; fileRef = E45BE9730E8CC7DD009D7055 /* AudioToolbox.framework */; };
		E45BE97F0E8CC7DD009D7055 /* CoreAudio.framework in Frameworks */ = {isa = PBXBuildFile; fileRef = E45BE9750E8CC7DD009D7055 /* CoreAudio.framework */; };
		E45BE9800E8CC7DD009D7055 /* CoreFoundation.framework in Frameworks */ = {isa = PBXBuildFile; fileRef = E45BE9760E8CC7DD009D7055 /* CoreFoundation.framework */; };
		E45BE9810E8CC7DD009D7055 /* CoreServices.framework in Frameworks */ = {isa = PBXBuildFile; fileRef = E45BE9770E8CC7DD009D7055 /* CoreServices.framework */; };
		E45BE9830E8CC7DD009D7055 /* OpenGL.framework in Frameworks */ = {isa = PBXBuildFile; fileRef = E45BE9790E8CC7DD009D7055 /* OpenGL.framework */; };
		E45BE9840E8CC7DD009D7055 /* QuickTime.framework in Frameworks */ = {isa = PBXBuildFile; fileRef = E45BE97A0E8CC7DD009D7055 /* QuickTime.framework */; };
		E4B69E200A3A1BDC003C02F2 /* main.cpp in Sources */ = {isa = PBXBuildFile; fileRef = E4B69E1D0A3A1BDC003C02F2 /* main.cpp */; };
		E4B69E210A3A1BDC003C02F2 /* ofApp.cpp in Sources */ = {isa = PBXBuildFile; fileRef = E4B69E1E0A3A1BDC003C02F2 /* ofApp.cpp */; };
		E4C2424710CC5A17004149E2 /* AppKit.framework in Frameworks */ = {isa = PBXBuildFile; fileRef = E4C2424410CC5A17004149E2 /* AppKit.framework */; };
		E4C2424810CC5A17004149E2 /* Cocoa.framework in Frameworks */ = {isa = PBXBuildFile; fileRef = E4C2424510CC5A17004149E2 /* Cocoa.framework */; };
		E4C2424910CC5A17004149E2 /* IOKit.framework in Frameworks */ = {isa = PBXBuildFile; fileRef = E4C2424610CC5A17004149E2 /* IOKit.framework */; };
		E4EB6799138ADC1D00A09F29 /* GLUT.framework in Frameworks */ = {isa = PBXBuildFile; fileRef = BBAB23BE13894E4700AA2426 /* GLUT.framework */; };
		E7E077E515D3B63C0020DFD4 /* CoreVideo.framework in Frameworks */ = {isa = PBXBuildFile; fileRef = E7E077E415D3B63C0020DFD4 /* CoreVideo.framework */; };
		E7E077E815D3B6510020DFD4 /* QTKit.framework in Frameworks */ = {isa = PBXBuildFile; fileRef = E7E077E715D3B6510020DFD4 /* QTKit.framework */; };
		E7F985F815E0DEA3003869B5 /* Accelerate.framework in Frameworks */ = {isa = PBXBuildFile; fileRef = E7F985F515E0DE99003869B5 /* Accelerate.framework */; };
/* End PBXBuildFile section */

/* Begin PBXContainerItemProxy section */
		E4328147138ABC890047C5CB /* PBXContainerItemProxy */ = {
			isa = PBXContainerItemProxy;
			containerPortal = E4328143138ABC890047C5CB /* openFrameworksLib.xcodeproj */;
			proxyType = 2;
			remoteGlobalIDString = E4B27C1510CBEB8E00536013;
			remoteInfo = openFrameworks;
		};
		E4EEB9AB138B136A00A80321 /* PBXContainerItemProxy */ = {
			isa = PBXContainerItemProxy;
			containerPortal = E4328143138ABC890047C5CB /* openFrameworksLib.xcodeproj */;
			proxyType = 1;
			remoteGlobalIDString = E4B27C1410CBEB8E00536013;
			remoteInfo = openFrameworks;
		};
/* End PBXContainerItemProxy section */

/* Begin PBXCopyFilesBuildPhase section */
		E4C2427710CC5ABF004149E2 /* CopyFiles */ = {
			isa = PBXCopyFilesBuildPhase;
			buildActionMask = 2147483647;
			dstPath = "";
			dstSubfolderSpec = 10;
			files = (
				29F2A18D1B34331200EB0247 /* CoreMIDI.framework in CopyFiles */,
				BBAB23CB13894F3D00AA2426 /* GLUT.framework in CopyFiles */,
			);
			runOnlyForDeploymentPostprocessing = 0;
		};
/* End PBXCopyFilesBuildPhase section */

/* Begin PBXFileReference section */
		2977F3D91B332CE000735A7E /* ofxCv.h */ = {isa = PBXFileReference; lastKnownFileType = sourcecode.c.h; path = ofxCv.h; sourceTree = "<group>"; };
		2977F3DB1B332CE000735A7E /* .gitignore */ = {isa = PBXFileReference; lastKnownFileType = text; path = .gitignore; sourceTree = "<group>"; };
		2977F3DF1B332CE000735A7E /* ETF.h */ = {isa = PBXFileReference; lastKnownFileType = sourcecode.c.h; path = ETF.h; sourceTree = "<group>"; };
		2977F3E01B332CE000735A7E /* fdog.h */ = {isa = PBXFileReference; lastKnownFileType = sourcecode.c.h; path = fdog.h; sourceTree = "<group>"; };
		2977F3E11B332CE000735A7E /* imatrix.h */ = {isa = PBXFileReference; lastKnownFileType = sourcecode.c.h; path = imatrix.h; sourceTree = "<group>"; };
		2977F3E21B332CE000735A7E /* myvec.h */ = {isa = PBXFileReference; lastKnownFileType = sourcecode.c.h; path = myvec.h; sourceTree = "<group>"; };
		2977F3E41B332CE000735A7E /* ETF.cpp */ = {isa = PBXFileReference; lastKnownFileType = sourcecode.cpp.cpp; path = ETF.cpp; sourceTree = "<group>"; };
		2977F3E51B332CE000735A7E /* fdog.cpp */ = {isa = PBXFileReference; lastKnownFileType = sourcecode.cpp.cpp; path = fdog.cpp; sourceTree = "<group>"; };
		2977F3E91B332CE000735A7E /* Calibration.h */ = {isa = PBXFileReference; lastKnownFileType = sourcecode.c.h; path = Calibration.h; sourceTree = "<group>"; };
		2977F3EA1B332CE000735A7E /* ContourFinder.h */ = {isa = PBXFileReference; lastKnownFileType = sourcecode.c.h; path = ContourFinder.h; sourceTree = "<group>"; };
		2977F3EB1B332CE000735A7E /* Distance.h */ = {isa = PBXFileReference; lastKnownFileType = sourcecode.c.h; path = Distance.h; sourceTree = "<group>"; };
		2977F3EC1B332CE000735A7E /* Flow.h */ = {isa = PBXFileReference; lastKnownFileType = sourcecode.c.h; path = Flow.h; sourceTree = "<group>"; };
		2977F3ED1B332CE000735A7E /* Helpers.h */ = {isa = PBXFileReference; lastKnownFileType = sourcecode.c.h; path = Helpers.h; sourceTree = "<group>"; };
		2977F3EE1B332CE000735A7E /* Kalman.h */ = {isa = PBXFileReference; lastKnownFileType = sourcecode.c.h; path = Kalman.h; sourceTree = "<group>"; };
		2977F3EF1B332CE000735A7E /* ObjectFinder.h */ = {isa = PBXFileReference; lastKnownFileType = sourcecode.c.h; path = ObjectFinder.h; sourceTree = "<group>"; };
		2977F3F01B332CE000735A7E /* RunningBackground.h */ = {isa = PBXFileReference; lastKnownFileType = sourcecode.c.h; path = RunningBackground.h; sourceTree = "<group>"; };
		2977F3F11B332CE000735A7E /* Tracker.h */ = {isa = PBXFileReference; lastKnownFileType = sourcecode.c.h; path = Tracker.h; sourceTree = "<group>"; };
		2977F3F21B332CE000735A7E /* Utilities.h */ = {isa = PBXFileReference; lastKnownFileType = sourcecode.c.h; path = Utilities.h; sourceTree = "<group>"; };
		2977F3F31B332CE000735A7E /* Wrappers.h */ = {isa = PBXFileReference; lastKnownFileType = sourcecode.c.h; path = Wrappers.h; sourceTree = "<group>"; };
		2977F3F51B332CE000735A7E /* Calibration.cpp */ = {isa = PBXFileReference; lastKnownFileType = sourcecode.cpp.cpp; path = Calibration.cpp; sourceTree = "<group>"; };
		2977F3F61B332CE000735A7E /* ContourFinder.cpp */ = {isa = PBXFileReference; lastKnownFileType = sourcecode.cpp.cpp; path = ContourFinder.cpp; sourceTree = "<group>"; };
		2977F3F71B332CE000735A7E /* Distance.cpp */ = {isa = PBXFileReference; lastKnownFileType = sourcecode.cpp.cpp; path = Distance.cpp; sourceTree = "<group>"; };
		2977F3F81B332CE000735A7E /* Flow.cpp */ = {isa = PBXFileReference; lastKnownFileType = sourcecode.cpp.cpp; path = Flow.cpp; sourceTree = "<group>"; };
		2977F3F91B332CE000735A7E /* Helpers.cpp */ = {isa = PBXFileReference; lastKnownFileType = sourcecode.cpp.cpp; path = Helpers.cpp; sourceTree = "<group>"; };
		2977F3FA1B332CE000735A7E /* Kalman.cpp */ = {isa = PBXFileReference; lastKnownFileType = sourcecode.cpp.cpp; path = Kalman.cpp; sourceTree = "<group>"; };
		2977F3FB1B332CE000735A7E /* ObjectFinder.cpp */ = {isa = PBXFileReference; lastKnownFileType = sourcecode.cpp.cpp; path = ObjectFinder.cpp; sourceTree = "<group>"; };
		2977F3FC1B332CE000735A7E /* RunningBackground.cpp */ = {isa = PBXFileReference; lastKnownFileType = sourcecode.cpp.cpp; path = RunningBackground.cpp; sourceTree = "<group>"; };
		2977F3FD1B332CE000735A7E /* Tracker.cpp */ = {isa = PBXFileReference; lastKnownFileType = sourcecode.cpp.cpp; path = Tracker.cpp; sourceTree = "<group>"; };
		2977F3FE1B332CE000735A7E /* Utilities.cpp */ = {isa = PBXFileReference; lastKnownFileType = sourcecode.cpp.cpp; path = Utilities.cpp; sourceTree = "<group>"; };
		2977F3FF1B332CE000735A7E /* Wrappers.cpp */ = {isa = PBXFileReference; lastKnownFileType = sourcecode.cpp.cpp; path = Wrappers.cpp; sourceTree = "<group>"; };
		2977F4001B332CE000735A7E /* opencv.a */ = {isa = PBXFileReference; lastKnownFileType = archive.ar; name = opencv.a; path = ../../../addons/ofxCv/../ofxOpenCv/libs/opencv/lib/osx/opencv.a; sourceTree = "<group>"; };
		29F2A0CC1B342A7100EB0247 /* Expression.cpp */ = {isa = PBXFileReference; lastKnownFileType = sourcecode.cpp.cpp; path = Expression.cpp; sourceTree = "<group>"; };
		29F2A0CD1B342A7100EB0247 /* Expression.h */ = {isa = PBXFileReference; lastKnownFileType = sourcecode.c.h; path = Expression.h; sourceTree = "<group>"; };
		29F2A0CE1B342A7100EB0247 /* ExpressionClassifier.cpp */ = {isa = PBXFileReference; lastKnownFileType = sourcecode.cpp.cpp; path = ExpressionClassifier.cpp; sourceTree = "<group>"; };
		29F2A0CF1B342A7100EB0247 /* ExpressionClassifier.h */ = {isa = PBXFileReference; lastKnownFileType = sourcecode.c.h; path = ExpressionClassifier.h; sourceTree = "<group>"; };
		29F2A0D01B342A7100EB0247 /* ofxFaceTracker.cpp */ = {isa = PBXFileReference; lastKnownFileType = sourcecode.cpp.cpp; path = ofxFaceTracker.cpp; sourceTree = "<group>"; };
		29F2A0D11B342A7100EB0247 /* ofxFaceTracker.h */ = {isa = PBXFileReference; lastKnownFileType = sourcecode.c.h; path = ofxFaceTracker.h; sourceTree = "<group>"; };
		29F2A0D21B342A7100EB0247 /* ofxFaceTrackerThreaded.h */ = {isa = PBXFileReference; lastKnownFileType = sourcecode.c.h; path = ofxFaceTrackerThreaded.h; sourceTree = "<group>"; };
		29F2A0D71B342A7200EB0247 /* CLM.h */ = {isa = PBXFileReference; lastKnownFileType = sourcecode.c.h; path = CLM.h; sourceTree = "<group>"; };
		29F2A0D81B342A7200EB0247 /* FCheck.h */ = {isa = PBXFileReference; lastKnownFileType = sourcecode.c.h; path = FCheck.h; sourceTree = "<group>"; };
		29F2A0D91B342A7200EB0247 /* FDet.h */ = {isa = PBXFileReference; lastKnownFileType = sourcecode.c.h; path = FDet.h; sourceTree = "<group>"; };
		29F2A0DA1B342A7200EB0247 /* IO.h */ = {isa = PBXFileReference; lastKnownFileType = sourcecode.c.h; path = IO.h; sourceTree = "<group>"; };
		29F2A0DB1B342A7200EB0247 /* Patch.h */ = {isa = PBXFileReference; lastKnownFileType = sourcecode.c.h; path = Patch.h; sourceTree = "<group>"; };
		29F2A0DC1B342A7200EB0247 /* PAW.h */ = {isa = PBXFileReference; lastKnownFileType = sourcecode.c.h; path = PAW.h; sourceTree = "<group>"; };
		29F2A0DD1B342A7200EB0247 /* PDM.h */ = {isa = PBXFileReference; lastKnownFileType = sourcecode.c.h; path = PDM.h; sourceTree = "<group>"; };
		29F2A0DE1B342A7200EB0247 /* Tracker.h */ = {isa = PBXFileReference; lastKnownFileType = sourcecode.c.h; path = Tracker.h; sourceTree = "<group>"; };
		29F2A0DF1B342A7200EB0247 /* license.md */ = {isa = PBXFileReference; lastKnownFileType = net.daringfireball.markdown; path = license.md; sourceTree = "<group>"; };
		29F2A0E11B342A7200EB0247 /* face.con */ = {isa = PBXFileReference; lastKnownFileType = text; path = face.con; sourceTree = "<group>"; };
		29F2A0E21B342A7200EB0247 /* face.tracker */ = {isa = PBXFileReference; lastKnownFileType = text; path = face.tracker; sourceTree = "<group>"; };
		29F2A0E31B342A7200EB0247 /* face.tri */ = {isa = PBXFileReference; lastKnownFileType = text; path = face.tri; sourceTree = "<group>"; };
		29F2A0E41B342A7200EB0247 /* face2.tracker */ = {isa = PBXFileReference; lastKnownFileType = text; path = face2.tracker; sourceTree = "<group>"; };
		29F2A0E71B342A7200EB0247 /* CLM.cc */ = {isa = PBXFileReference; lastKnownFileType = sourcecode.cpp.cpp; path = CLM.cc; sourceTree = "<group>"; };
		29F2A0E81B342A7200EB0247 /* FCheck.cc */ = {isa = PBXFileReference; lastKnownFileType = sourcecode.cpp.cpp; path = FCheck.cc; sourceTree = "<group>"; };
		29F2A0E91B342A7200EB0247 /* FDet.cc */ = {isa = PBXFileReference; lastKnownFileType = sourcecode.cpp.cpp; path = FDet.cc; sourceTree = "<group>"; };
		29F2A0EA1B342A7200EB0247 /* IO.cc */ = {isa = PBXFileReference; lastKnownFileType = sourcecode.cpp.cpp; path = IO.cc; sourceTree = "<group>"; };
		29F2A0EB1B342A7200EB0247 /* Patch.cc */ = {isa = PBXFileReference; lastKnownFileType = sourcecode.cpp.cpp; path = Patch.cc; sourceTree = "<group>"; };
		29F2A0EC1B342A7200EB0247 /* PAW.cc */ = {isa = PBXFileReference; lastKnownFileType = sourcecode.cpp.cpp; path = PAW.cc; sourceTree = "<group>"; };
		29F2A0ED1B342A7200EB0247 /* PDM.cc */ = {isa = PBXFileReference; lastKnownFileType = sourcecode.cpp.cpp; path = PDM.cc; sourceTree = "<group>"; };
		29F2A0EE1B342A7200EB0247 /* Tracker.cc */ = {isa = PBXFileReference; lastKnownFileType = sourcecode.cpp.cpp; path = Tracker.cc; sourceTree = "<group>"; };
		29F2A1491B34331200EB0247 /* AUParamInfo.cpp */ = {isa = PBXFileReference; lastKnownFileType = sourcecode.cpp.cpp; path = AUParamInfo.cpp; sourceTree = "<group>"; };
		29F2A14A1B34331200EB0247 /* AUParamInfo.h */ = {isa = PBXFileReference; lastKnownFileType = sourcecode.c.h; path = AUParamInfo.h; sourceTree = "<group>"; };
		29F2A14B1B34331200EB0247 /* CAAUParameter.cpp */ = {isa = PBXFileReference; lastKnownFileType = sourcecode.cpp.cpp; path = CAAUParameter.cpp; sourceTree = "<group>"; };
		29F2A14C1B34331200EB0247 /* CAAUParameter.h */ = {isa = PBXFileReference; lastKnownFileType = sourcecode.c.h; path = CAAUParameter.h; sourceTree = "<group>"; };
		29F2A14D1B34331200EB0247 /* CADebugMacros.cpp */ = {isa = PBXFileReference; lastKnownFileType = sourcecode.cpp.cpp; path = CADebugMacros.cpp; sourceTree = "<group>"; };
		29F2A14E1B34331200EB0247 /* CADebugMacros.h */ = {isa = PBXFileReference; lastKnownFileType = sourcecode.c.h; path = CADebugMacros.h; sourceTree = "<group>"; };
		29F2A14F1B34331200EB0247 /* CAXException.h */ = {isa = PBXFileReference; lastKnownFileType = sourcecode.c.h; path = CAXException.h; sourceTree = "<group>"; };
		29F2A1501B34331200EB0247 /* ofxAudioUnit.cpp */ = {isa = PBXFileReference; lastKnownFileType = sourcecode.cpp.cpp; path = ofxAudioUnit.cpp; sourceTree = "<group>"; };
		29F2A1511B34331200EB0247 /* ofxAudioUnit.h */ = {isa = PBXFileReference; lastKnownFileType = sourcecode.c.h; path = ofxAudioUnit.h; sourceTree = "<group>"; };
		29F2A1521B34331200EB0247 /* ofxAudioUnitBase.h */ = {isa = PBXFileReference; lastKnownFileType = sourcecode.c.h; path = ofxAudioUnitBase.h; sourceTree = "<group>"; };
		29F2A1531B34331200EB0247 /* ofxAudioUnitCocoaUtilties.mm */ = {isa = PBXFileReference; lastKnownFileType = sourcecode.cpp.objcpp; path = ofxAudioUnitCocoaUtilties.mm; sourceTree = "<group>"; };
		29F2A1541B34331200EB0247 /* ofxAudioUnitDSPNode.cpp */ = {isa = PBXFileReference; lastKnownFileType = sourcecode.cpp.cpp; path = ofxAudioUnitDSPNode.cpp; sourceTree = "<group>"; };
		29F2A1551B34331200EB0247 /* ofxAudioUnitDSPNode.h */ = {isa = PBXFileReference; lastKnownFileType = sourcecode.c.h; path = ofxAudioUnitDSPNode.h; sourceTree = "<group>"; };
		29F2A1561B34331200EB0247 /* ofxAudioUnitFftNode.cpp */ = {isa = PBXFileReference; lastKnownFileType = sourcecode.cpp.cpp; path = ofxAudioUnitFftNode.cpp; sourceTree = "<group>"; };
		29F2A1571B34331200EB0247 /* ofxAudioUnitFftNode.h */ = {isa = PBXFileReference; lastKnownFileType = sourcecode.c.h; path = ofxAudioUnitFftNode.h; sourceTree = "<group>"; };
		29F2A1581B34331200EB0247 /* ofxAudioUnitFilePlayer.cpp */ = {isa = PBXFileReference; lastKnownFileType = sourcecode.cpp.cpp; path = ofxAudioUnitFilePlayer.cpp; sourceTree = "<group>"; };
		29F2A1591B34331200EB0247 /* ofxAudioUnitFilePlayer.h */ = {isa = PBXFileReference; lastKnownFileType = sourcecode.c.h; path = ofxAudioUnitFilePlayer.h; sourceTree = "<group>"; };
		29F2A15A1B34331200EB0247 /* ofxAudioUnitHardwareUtils.cpp */ = {isa = PBXFileReference; lastKnownFileType = sourcecode.cpp.cpp; path = ofxAudioUnitHardwareUtils.cpp; sourceTree = "<group>"; };
		29F2A15B1B34331200EB0247 /* ofxAudioUnitHardwareUtils.h */ = {isa = PBXFileReference; lastKnownFileType = sourcecode.c.h; path = ofxAudioUnitHardwareUtils.h; sourceTree = "<group>"; };
		29F2A15C1B34331200EB0247 /* ofxAudioUnitInput.cpp */ = {isa = PBXFileReference; lastKnownFileType = sourcecode.cpp.cpp; path = ofxAudioUnitInput.cpp; sourceTree = "<group>"; };
		29F2A15D1B34331200EB0247 /* ofxAudioUnitInput.h */ = {isa = PBXFileReference; lastKnownFileType = sourcecode.c.h; path = ofxAudioUnitInput.h; sourceTree = "<group>"; };
		29F2A15E1B34331200EB0247 /* ofxAudioUnitMatrixMixer.cpp */ = {isa = PBXFileReference; lastKnownFileType = sourcecode.cpp.cpp; path = ofxAudioUnitMatrixMixer.cpp; sourceTree = "<group>"; };
		29F2A15F1B34331200EB0247 /* ofxAudioUnitMatrixMixer.h */ = {isa = PBXFileReference; lastKnownFileType = sourcecode.c.h; path = ofxAudioUnitMatrixMixer.h; sourceTree = "<group>"; };
		29F2A1601B34331200EB0247 /* ofxAudioUnitMidi.cpp */ = {isa = PBXFileReference; lastKnownFileType = sourcecode.cpp.cpp; path = ofxAudioUnitMidi.cpp; sourceTree = "<group>"; };
		29F2A1611B34331200EB0247 /* ofxAudioUnitMidi.h */ = {isa = PBXFileReference; lastKnownFileType = sourcecode.c.h; path = ofxAudioUnitMidi.h; sourceTree = "<group>"; };
		29F2A1621B34331200EB0247 /* ofxAudioUnitMixer.cpp */ = {isa = PBXFileReference; lastKnownFileType = sourcecode.cpp.cpp; path = ofxAudioUnitMixer.cpp; sourceTree = "<group>"; };
		29F2A1631B34331200EB0247 /* ofxAudioUnitMixer.h */ = {isa = PBXFileReference; lastKnownFileType = sourcecode.c.h; path = ofxAudioUnitMixer.h; sourceTree = "<group>"; };
		29F2A1641B34331200EB0247 /* ofxAudioUnitNetReceive.cpp */ = {isa = PBXFileReference; lastKnownFileType = sourcecode.cpp.cpp; path = ofxAudioUnitNetReceive.cpp; sourceTree = "<group>"; };
		29F2A1651B34331200EB0247 /* ofxAudioUnitNetReceive.h */ = {isa = PBXFileReference; lastKnownFileType = sourcecode.c.h; path = ofxAudioUnitNetReceive.h; sourceTree = "<group>"; };
		29F2A1661B34331200EB0247 /* ofxAudioUnitNetSend.cpp */ = {isa = PBXFileReference; lastKnownFileType = sourcecode.cpp.cpp; path = ofxAudioUnitNetSend.cpp; sourceTree = "<group>"; };
		29F2A1671B34331200EB0247 /* ofxAudioUnitNetSend.h */ = {isa = PBXFileReference; lastKnownFileType = sourcecode.c.h; path = ofxAudioUnitNetSend.h; sourceTree = "<group>"; };
		29F2A1681B34331200EB0247 /* ofxAudioUnitOutput.cpp */ = {isa = PBXFileReference; lastKnownFileType = sourcecode.cpp.cpp; path = ofxAudioUnitOutput.cpp; sourceTree = "<group>"; };
		29F2A1691B34331200EB0247 /* ofxAudioUnitOutput.h */ = {isa = PBXFileReference; lastKnownFileType = sourcecode.c.h; path = ofxAudioUnitOutput.h; sourceTree = "<group>"; };
		29F2A16A1B34331200EB0247 /* ofxAudioUnitRecorder.cpp */ = {isa = PBXFileReference; lastKnownFileType = sourcecode.cpp.cpp; path = ofxAudioUnitRecorder.cpp; sourceTree = "<group>"; };
		29F2A16B1B34331200EB0247 /* ofxAudioUnitRecorder.h */ = {isa = PBXFileReference; lastKnownFileType = sourcecode.c.h; path = ofxAudioUnitRecorder.h; sourceTree = "<group>"; };
		29F2A16C1B34331200EB0247 /* ofxAudioUnitSampler.cpp */ = {isa = PBXFileReference; lastKnownFileType = sourcecode.cpp.cpp; path = ofxAudioUnitSampler.cpp; sourceTree = "<group>"; };
		29F2A16D1B34331200EB0247 /* ofxAudioUnitSampler.h */ = {isa = PBXFileReference; lastKnownFileType = sourcecode.c.h; path = ofxAudioUnitSampler.h; sourceTree = "<group>"; };
		29F2A16E1B34331200EB0247 /* ofxAudioUnitSpeechSynth.cpp */ = {isa = PBXFileReference; lastKnownFileType = sourcecode.cpp.cpp; path = ofxAudioUnitSpeechSynth.cpp; sourceTree = "<group>"; };
		29F2A16F1B34331200EB0247 /* ofxAudioUnitSpeechSynth.h */ = {isa = PBXFileReference; lastKnownFileType = sourcecode.c.h; path = ofxAudioUnitSpeechSynth.h; sourceTree = "<group>"; };
		29F2A1701B34331200EB0247 /* ofxAudioUnitTap.cpp */ = {isa = PBXFileReference; lastKnownFileType = sourcecode.cpp.cpp; path = ofxAudioUnitTap.cpp; sourceTree = "<group>"; };
		29F2A1711B34331200EB0247 /* ofxAudioUnitTap.h */ = {isa = PBXFileReference; lastKnownFileType = sourcecode.c.h; path = ofxAudioUnitTap.h; sourceTree = "<group>"; };
		29F2A1721B34331200EB0247 /* ofxAudioUnitUtils.h */ = {isa = PBXFileReference; lastKnownFileType = sourcecode.c.h; path = ofxAudioUnitUtils.h; sourceTree = "<group>"; };
		29F2A1741B34331200EB0247 /* TPCircularBuffer.c */ = {isa = PBXFileReference; lastKnownFileType = sourcecode.c.c; path = TPCircularBuffer.c; sourceTree = "<group>"; };
		29F2A1751B34331200EB0247 /* TPCircularBuffer.h */ = {isa = PBXFileReference; lastKnownFileType = sourcecode.c.h; path = TPCircularBuffer.h; sourceTree = "<group>"; };
		29F2A1761B34331200EB0247 /* CoreMIDI.framework */ = {isa = PBXFileReference; lastKnownFileType = wrapper.framework; name = CoreMIDI.framework; path = ../../../../../../../System/Library/Frameworks/CoreMIDI.framework; sourceTree = "<group>"; };
		29F2A18E1B34336A00EB0247 /* AudioUnit.framework */ = {isa = PBXFileReference; lastKnownFileType = wrapper.framework; name = AudioUnit.framework; path = System/Library/Frameworks/AudioUnit.framework; sourceTree = SDKROOT; };
		29F2A1901B34337400EB0247 /* CoreAudioKit.framework */ = {isa = PBXFileReference; lastKnownFileType = wrapper.framework; name = CoreAudioKit.framework; path = System/Library/Frameworks/CoreAudioKit.framework; sourceTree = SDKROOT; };
		BBAB23BE13894E4700AA2426 /* GLUT.framework */ = {isa = PBXFileReference; lastKnownFileType = wrapper.framework; name = GLUT.framework; path = ../../../libs/glut/lib/osx/GLUT.framework; sourceTree = "<group>"; };
		E4328143138ABC890047C5CB /* openFrameworksLib.xcodeproj */ = {isa = PBXFileReference; lastKnownFileType = "wrapper.pb-project"; name = openFrameworksLib.xcodeproj; path = ../../../libs/openFrameworksCompiled/project/osx/openFrameworksLib.xcodeproj; sourceTree = SOURCE_ROOT; };
		E45BE9710E8CC7DD009D7055 /* AGL.framework */ = {isa = PBXFileReference; lastKnownFileType = wrapper.framework; name = AGL.framework; path = /System/Library/Frameworks/AGL.framework; sourceTree = "<absolute>"; };
		E45BE9720E8CC7DD009D7055 /* ApplicationServices.framework */ = {isa = PBXFileReference; lastKnownFileType = wrapper.framework; name = ApplicationServices.framework; path = /System/Library/Frameworks/ApplicationServices.framework; sourceTree = "<absolute>"; };
		E45BE9730E8CC7DD009D7055 /* AudioToolbox.framework */ = {isa = PBXFileReference; lastKnownFileType = wrapper.framework; name = AudioToolbox.framework; path = /System/Library/Frameworks/AudioToolbox.framework; sourceTree = "<absolute>"; };
		E45BE9750E8CC7DD009D7055 /* CoreAudio.framework */ = {isa = PBXFileReference; lastKnownFileType = wrapper.framework; name = CoreAudio.framework; path = /System/Library/Frameworks/CoreAudio.framework; sourceTree = "<absolute>"; };
		E45BE9760E8CC7DD009D7055 /* CoreFoundation.framework */ = {isa = PBXFileReference; lastKnownFileType = wrapper.framework; name = CoreFoundation.framework; path = /System/Library/Frameworks/CoreFoundation.framework; sourceTree = "<absolute>"; };
		E45BE9770E8CC7DD009D7055 /* CoreServices.framework */ = {isa = PBXFileReference; lastKnownFileType = wrapper.framework; name = CoreServices.framework; path = /System/Library/Frameworks/CoreServices.framework; sourceTree = "<absolute>"; };
		E45BE9790E8CC7DD009D7055 /* OpenGL.framework */ = {isa = PBXFileReference; lastKnownFileType = wrapper.framework; name = OpenGL.framework; path = /System/Library/Frameworks/OpenGL.framework; sourceTree = "<absolute>"; };
		E45BE97A0E8CC7DD009D7055 /* QuickTime.framework */ = {isa = PBXFileReference; lastKnownFileType = wrapper.framework; name = QuickTime.framework; path = /System/Library/Frameworks/QuickTime.framework; sourceTree = "<absolute>"; };
		E4B69B5B0A3A1756003C02F2 /* FaceTheAudioDebug.app */ = {isa = PBXFileReference; explicitFileType = wrapper.application; includeInIndex = 0; path = FaceTheAudioDebug.app; sourceTree = BUILT_PRODUCTS_DIR; };
		E4B69E1D0A3A1BDC003C02F2 /* main.cpp */ = {isa = PBXFileReference; fileEncoding = 30; lastKnownFileType = sourcecode.cpp.cpp; name = main.cpp; path = src/main.cpp; sourceTree = SOURCE_ROOT; };
		E4B69E1E0A3A1BDC003C02F2 /* ofApp.cpp */ = {isa = PBXFileReference; explicitFileType = sourcecode.cpp.cpp; fileEncoding = 30; name = ofApp.cpp; path = src/ofApp.cpp; sourceTree = SOURCE_ROOT; };
		E4B69E1F0A3A1BDC003C02F2 /* ofApp.h */ = {isa = PBXFileReference; fileEncoding = 30; lastKnownFileType = sourcecode.c.h; name = ofApp.h; path = src/ofApp.h; sourceTree = SOURCE_ROOT; };
		E4B6FCAD0C3E899E008CF71C /* openFrameworks-Info.plist */ = {isa = PBXFileReference; fileEncoding = 30; lastKnownFileType = text.plist.xml; path = "openFrameworks-Info.plist"; sourceTree = "<group>"; };
		E4C2424410CC5A17004149E2 /* AppKit.framework */ = {isa = PBXFileReference; lastKnownFileType = wrapper.framework; name = AppKit.framework; path = /System/Library/Frameworks/AppKit.framework; sourceTree = "<absolute>"; };
		E4C2424510CC5A17004149E2 /* Cocoa.framework */ = {isa = PBXFileReference; lastKnownFileType = wrapper.framework; name = Cocoa.framework; path = /System/Library/Frameworks/Cocoa.framework; sourceTree = "<absolute>"; };
		E4C2424610CC5A17004149E2 /* IOKit.framework */ = {isa = PBXFileReference; lastKnownFileType = wrapper.framework; name = IOKit.framework; path = /System/Library/Frameworks/IOKit.framework; sourceTree = "<absolute>"; };
		E4EB691F138AFCF100A09F29 /* CoreOF.xcconfig */ = {isa = PBXFileReference; fileEncoding = 4; lastKnownFileType = text.xcconfig; name = CoreOF.xcconfig; path = ../../../libs/openFrameworksCompiled/project/osx/CoreOF.xcconfig; sourceTree = SOURCE_ROOT; };
		E4EB6923138AFD0F00A09F29 /* Project.xcconfig */ = {isa = PBXFileReference; fileEncoding = 4; lastKnownFileType = text.xcconfig; path = Project.xcconfig; sourceTree = "<group>"; };
		E7E077E415D3B63C0020DFD4 /* CoreVideo.framework */ = {isa = PBXFileReference; lastKnownFileType = wrapper.framework; name = CoreVideo.framework; path = /System/Library/Frameworks/CoreVideo.framework; sourceTree = "<absolute>"; };
		E7E077E715D3B6510020DFD4 /* QTKit.framework */ = {isa = PBXFileReference; lastKnownFileType = wrapper.framework; name = QTKit.framework; path = /System/Library/Frameworks/QTKit.framework; sourceTree = "<absolute>"; };
		E7F985F515E0DE99003869B5 /* Accelerate.framework */ = {isa = PBXFileReference; lastKnownFileType = wrapper.framework; name = Accelerate.framework; path = /System/Library/Frameworks/Accelerate.framework; sourceTree = "<absolute>"; };
/* End PBXFileReference section */

/* Begin PBXFrameworksBuildPhase section */
		E4B69B590A3A1756003C02F2 /* Frameworks */ = {
			isa = PBXFrameworksBuildPhase;
			buildActionMask = 2147483647;
			files = (
				29F2A1911B34337400EB0247 /* CoreAudioKit.framework in Frameworks */,
				29F2A18F1B34336A00EB0247 /* AudioUnit.framework in Frameworks */,
				E7F985F815E0DEA3003869B5 /* Accelerate.framework in Frameworks */,
				E7E077E815D3B6510020DFD4 /* QTKit.framework in Frameworks */,
				E4EB6799138ADC1D00A09F29 /* GLUT.framework in Frameworks */,
				E4328149138ABC9F0047C5CB /* openFrameworksDebug.a in Frameworks */,
				E45BE97B0E8CC7DD009D7055 /* AGL.framework in Frameworks */,
				E45BE97C0E8CC7DD009D7055 /* ApplicationServices.framework in Frameworks */,
				E45BE97D0E8CC7DD009D7055 /* AudioToolbox.framework in Frameworks */,
				E45BE97F0E8CC7DD009D7055 /* CoreAudio.framework in Frameworks */,
				E45BE9800E8CC7DD009D7055 /* CoreFoundation.framework in Frameworks */,
				E45BE9810E8CC7DD009D7055 /* CoreServices.framework in Frameworks */,
				E45BE9830E8CC7DD009D7055 /* OpenGL.framework in Frameworks */,
				E45BE9840E8CC7DD009D7055 /* QuickTime.framework in Frameworks */,
				E4C2424710CC5A17004149E2 /* AppKit.framework in Frameworks */,
				E4C2424810CC5A17004149E2 /* Cocoa.framework in Frameworks */,
				2977F40E1B332CE000735A7E /* opencv.a in Frameworks */,
				E4C2424910CC5A17004149E2 /* IOKit.framework in Frameworks */,
				29F2A18C1B34331200EB0247 /* CoreMIDI.framework in Frameworks */,
				E7E077E515D3B63C0020DFD4 /* CoreVideo.framework in Frameworks */,
			);
			runOnlyForDeploymentPostprocessing = 0;
		};
/* End PBXFrameworksBuildPhase section */

/* Begin PBXGroup section */
		2977F3D71B332CE000735A7E /* ofxCv */ = {
			isa = PBXGroup;
			children = (
				2977F3D81B332CE000735A7E /* src */,
				2977F3DA1B332CE000735A7E /* libs */,
				2977F4001B332CE000735A7E /* opencv.a */,
			);
			name = ofxCv;
			sourceTree = "<group>";
		};
		2977F3D81B332CE000735A7E /* src */ = {
			isa = PBXGroup;
			children = (
				2977F3D91B332CE000735A7E /* ofxCv.h */,
			);
			name = src;
			path = ../../../addons/ofxCv/src;
			sourceTree = "<group>";
		};
		2977F3DA1B332CE000735A7E /* libs */ = {
			isa = PBXGroup;
			children = (
				2977F3DB1B332CE000735A7E /* .gitignore */,
				2977F3DC1B332CE000735A7E /* CLD */,
				2977F3E61B332CE000735A7E /* ofxCv */,
			);
			name = libs;
			path = ../../../addons/ofxCv/libs;
			sourceTree = "<group>";
		};
		2977F3DC1B332CE000735A7E /* CLD */ = {
			isa = PBXGroup;
			children = (
				2977F3DD1B332CE000735A7E /* include */,
				2977F3E31B332CE000735A7E /* src */,
			);
			path = CLD;
			sourceTree = "<group>";
		};
		2977F3DD1B332CE000735A7E /* include */ = {
			isa = PBXGroup;
			children = (
				2977F3DE1B332CE000735A7E /* CLD */,
			);
			path = include;
			sourceTree = "<group>";
		};
		2977F3DE1B332CE000735A7E /* CLD */ = {
			isa = PBXGroup;
			children = (
				2977F3DF1B332CE000735A7E /* ETF.h */,
				2977F3E01B332CE000735A7E /* fdog.h */,
				2977F3E11B332CE000735A7E /* imatrix.h */,
				2977F3E21B332CE000735A7E /* myvec.h */,
			);
			path = CLD;
			sourceTree = "<group>";
		};
		2977F3E31B332CE000735A7E /* src */ = {
			isa = PBXGroup;
			children = (
				2977F3E41B332CE000735A7E /* ETF.cpp */,
				2977F3E51B332CE000735A7E /* fdog.cpp */,
			);
			path = src;
			sourceTree = "<group>";
		};
		2977F3E61B332CE000735A7E /* ofxCv */ = {
			isa = PBXGroup;
			children = (
				2977F3E71B332CE000735A7E /* include */,
				2977F3F41B332CE000735A7E /* src */,
			);
			path = ofxCv;
			sourceTree = "<group>";
		};
		2977F3E71B332CE000735A7E /* include */ = {
			isa = PBXGroup;
			children = (
				2977F3E81B332CE000735A7E /* ofxCv */,
			);
			path = include;
			sourceTree = "<group>";
		};
		2977F3E81B332CE000735A7E /* ofxCv */ = {
			isa = PBXGroup;
			children = (
				2977F3E91B332CE000735A7E /* Calibration.h */,
				2977F3EA1B332CE000735A7E /* ContourFinder.h */,
				2977F3EB1B332CE000735A7E /* Distance.h */,
				2977F3EC1B332CE000735A7E /* Flow.h */,
				2977F3ED1B332CE000735A7E /* Helpers.h */,
				2977F3EE1B332CE000735A7E /* Kalman.h */,
				2977F3EF1B332CE000735A7E /* ObjectFinder.h */,
				2977F3F01B332CE000735A7E /* RunningBackground.h */,
				2977F3F11B332CE000735A7E /* Tracker.h */,
				2977F3F21B332CE000735A7E /* Utilities.h */,
				2977F3F31B332CE000735A7E /* Wrappers.h */,
			);
			path = ofxCv;
			sourceTree = "<group>";
		};
		2977F3F41B332CE000735A7E /* src */ = {
			isa = PBXGroup;
			children = (
				2977F3F51B332CE000735A7E /* Calibration.cpp */,
				2977F3F61B332CE000735A7E /* ContourFinder.cpp */,
				2977F3F71B332CE000735A7E /* Distance.cpp */,
				2977F3F81B332CE000735A7E /* Flow.cpp */,
				2977F3F91B332CE000735A7E /* Helpers.cpp */,
				2977F3FA1B332CE000735A7E /* Kalman.cpp */,
				2977F3FB1B332CE000735A7E /* ObjectFinder.cpp */,
				2977F3FC1B332CE000735A7E /* RunningBackground.cpp */,
				2977F3FD1B332CE000735A7E /* Tracker.cpp */,
				2977F3FE1B332CE000735A7E /* Utilities.cpp */,
				2977F3FF1B332CE000735A7E /* Wrappers.cpp */,
			);
			path = src;
			sourceTree = "<group>";
		};
		29F2A0CA1B342A7100EB0247 /* ofxFaceTracker */ = {
			isa = PBXGroup;
			children = (
				29F2A0CB1B342A7100EB0247 /* src */,
				29F2A0D31B342A7200EB0247 /* libs */,
			);
			name = ofxFaceTracker;
			sourceTree = "<group>";
		};
		29F2A0CB1B342A7100EB0247 /* src */ = {
			isa = PBXGroup;
			children = (
				29F2A0CC1B342A7100EB0247 /* Expression.cpp */,
				29F2A0CD1B342A7100EB0247 /* Expression.h */,
				29F2A0CE1B342A7100EB0247 /* ExpressionClassifier.cpp */,
				29F2A0CF1B342A7100EB0247 /* ExpressionClassifier.h */,
				29F2A0D01B342A7100EB0247 /* ofxFaceTracker.cpp */,
				29F2A0D11B342A7100EB0247 /* ofxFaceTracker.h */,
				29F2A0D21B342A7100EB0247 /* ofxFaceTrackerThreaded.h */,
			);
			name = src;
			path = ../../../addons/ofxFaceTracker/src;
			sourceTree = "<group>";
		};
		29F2A0D31B342A7200EB0247 /* libs */ = {
			isa = PBXGroup;
			children = (
				29F2A0D41B342A7200EB0247 /* FaceTracker */,
			);
			name = libs;
			path = ../../../addons/ofxFaceTracker/libs;
			sourceTree = "<group>";
		};
		29F2A0D41B342A7200EB0247 /* FaceTracker */ = {
			isa = PBXGroup;
			children = (
				29F2A0D51B342A7200EB0247 /* include */,
				29F2A0DF1B342A7200EB0247 /* license.md */,
				29F2A0E01B342A7200EB0247 /* model */,
				29F2A0E51B342A7200EB0247 /* src */,
			);
			path = FaceTracker;
			sourceTree = "<group>";
		};
		29F2A0D51B342A7200EB0247 /* include */ = {
			isa = PBXGroup;
			children = (
				29F2A0D61B342A7200EB0247 /* FaceTracker */,
			);
			path = include;
			sourceTree = "<group>";
		};
		29F2A0D61B342A7200EB0247 /* FaceTracker */ = {
			isa = PBXGroup;
			children = (
				29F2A0D71B342A7200EB0247 /* CLM.h */,
				29F2A0D81B342A7200EB0247 /* FCheck.h */,
				29F2A0D91B342A7200EB0247 /* FDet.h */,
				29F2A0DA1B342A7200EB0247 /* IO.h */,
				29F2A0DB1B342A7200EB0247 /* Patch.h */,
				29F2A0DC1B342A7200EB0247 /* PAW.h */,
				29F2A0DD1B342A7200EB0247 /* PDM.h */,
				29F2A0DE1B342A7200EB0247 /* Tracker.h */,
			);
			path = FaceTracker;
			sourceTree = "<group>";
		};
		29F2A0E01B342A7200EB0247 /* model */ = {
			isa = PBXGroup;
			children = (
				29F2A0E11B342A7200EB0247 /* face.con */,
				29F2A0E21B342A7200EB0247 /* face.tracker */,
				29F2A0E31B342A7200EB0247 /* face.tri */,
				29F2A0E41B342A7200EB0247 /* face2.tracker */,
			);
			path = model;
			sourceTree = "<group>";
		};
		29F2A0E51B342A7200EB0247 /* src */ = {
			isa = PBXGroup;
			children = (
				29F2A0E61B342A7200EB0247 /* lib */,
			);
			path = src;
			sourceTree = "<group>";
		};
		29F2A0E61B342A7200EB0247 /* lib */ = {
			isa = PBXGroup;
			children = (
				29F2A0E71B342A7200EB0247 /* CLM.cc */,
				29F2A0E81B342A7200EB0247 /* FCheck.cc */,
				29F2A0E91B342A7200EB0247 /* FDet.cc */,
				29F2A0EA1B342A7200EB0247 /* IO.cc */,
				29F2A0EB1B342A7200EB0247 /* Patch.cc */,
				29F2A0EC1B342A7200EB0247 /* PAW.cc */,
				29F2A0ED1B342A7200EB0247 /* PDM.cc */,
				29F2A0EE1B342A7200EB0247 /* Tracker.cc */,
			);
			path = lib;
			sourceTree = "<group>";
		};
		29F2A1461B34331200EB0247 /* ofxAudioUnit */ = {
			isa = PBXGroup;
			children = (
				29F2A1471B34331200EB0247 /* src */,
				29F2A1761B34331200EB0247 /* CoreMIDI.framework */,
			);
			name = ofxAudioUnit;
			sourceTree = "<group>";
		};
		29F2A1471B34331200EB0247 /* src */ = {
			isa = PBXGroup;
			children = (
				29F2A1481B34331200EB0247 /* CAPublicUtility */,
				29F2A1501B34331200EB0247 /* ofxAudioUnit.cpp */,
				29F2A1511B34331200EB0247 /* ofxAudioUnit.h */,
				29F2A1521B34331200EB0247 /* ofxAudioUnitBase.h */,
				29F2A1531B34331200EB0247 /* ofxAudioUnitCocoaUtilties.mm */,
				29F2A1541B34331200EB0247 /* ofxAudioUnitDSPNode.cpp */,
				29F2A1551B34331200EB0247 /* ofxAudioUnitDSPNode.h */,
				29F2A1561B34331200EB0247 /* ofxAudioUnitFftNode.cpp */,
				29F2A1571B34331200EB0247 /* ofxAudioUnitFftNode.h */,
				29F2A1581B34331200EB0247 /* ofxAudioUnitFilePlayer.cpp */,
				29F2A1591B34331200EB0247 /* ofxAudioUnitFilePlayer.h */,
				29F2A15A1B34331200EB0247 /* ofxAudioUnitHardwareUtils.cpp */,
				29F2A15B1B34331200EB0247 /* ofxAudioUnitHardwareUtils.h */,
				29F2A15C1B34331200EB0247 /* ofxAudioUnitInput.cpp */,
				29F2A15D1B34331200EB0247 /* ofxAudioUnitInput.h */,
				29F2A15E1B34331200EB0247 /* ofxAudioUnitMatrixMixer.cpp */,
				29F2A15F1B34331200EB0247 /* ofxAudioUnitMatrixMixer.h */,
				29F2A1601B34331200EB0247 /* ofxAudioUnitMidi.cpp */,
				29F2A1611B34331200EB0247 /* ofxAudioUnitMidi.h */,
				29F2A1621B34331200EB0247 /* ofxAudioUnitMixer.cpp */,
				29F2A1631B34331200EB0247 /* ofxAudioUnitMixer.h */,
				29F2A1641B34331200EB0247 /* ofxAudioUnitNetReceive.cpp */,
				29F2A1651B34331200EB0247 /* ofxAudioUnitNetReceive.h */,
				29F2A1661B34331200EB0247 /* ofxAudioUnitNetSend.cpp */,
				29F2A1671B34331200EB0247 /* ofxAudioUnitNetSend.h */,
				29F2A1681B34331200EB0247 /* ofxAudioUnitOutput.cpp */,
				29F2A1691B34331200EB0247 /* ofxAudioUnitOutput.h */,
				29F2A16A1B34331200EB0247 /* ofxAudioUnitRecorder.cpp */,
				29F2A16B1B34331200EB0247 /* ofxAudioUnitRecorder.h */,
				29F2A16C1B34331200EB0247 /* ofxAudioUnitSampler.cpp */,
				29F2A16D1B34331200EB0247 /* ofxAudioUnitSampler.h */,
				29F2A16E1B34331200EB0247 /* ofxAudioUnitSpeechSynth.cpp */,
				29F2A16F1B34331200EB0247 /* ofxAudioUnitSpeechSynth.h */,
				29F2A1701B34331200EB0247 /* ofxAudioUnitTap.cpp */,
				29F2A1711B34331200EB0247 /* ofxAudioUnitTap.h */,
				29F2A1721B34331200EB0247 /* ofxAudioUnitUtils.h */,
				29F2A1731B34331200EB0247 /* TPCircularBuffer */,
			);
			name = src;
			path = ../../../addons/ofxAudioUnit/src;
			sourceTree = "<group>";
		};
		29F2A1481B34331200EB0247 /* CAPublicUtility */ = {
			isa = PBXGroup;
			children = (
				29F2A1491B34331200EB0247 /* AUParamInfo.cpp */,
				29F2A14A1B34331200EB0247 /* AUParamInfo.h */,
				29F2A14B1B34331200EB0247 /* CAAUParameter.cpp */,
				29F2A14C1B34331200EB0247 /* CAAUParameter.h */,
				29F2A14D1B34331200EB0247 /* CADebugMacros.cpp */,
				29F2A14E1B34331200EB0247 /* CADebugMacros.h */,
				29F2A14F1B34331200EB0247 /* CAXException.h */,
			);
			path = CAPublicUtility;
			sourceTree = "<group>";
		};
		29F2A1731B34331200EB0247 /* TPCircularBuffer */ = {
			isa = PBXGroup;
			children = (
				29F2A1741B34331200EB0247 /* TPCircularBuffer.c */,
				29F2A1751B34331200EB0247 /* TPCircularBuffer.h */,
			);
			path = TPCircularBuffer;
			sourceTree = "<group>";
		};
		BB4B014C10F69532006C3DED /* addons */ = {
			isa = PBXGroup;
			children = (
				2977F3D71B332CE000735A7E /* ofxCv */,
				29F2A0CA1B342A7100EB0247 /* ofxFaceTracker */,
				29F2A1461B34331200EB0247 /* ofxAudioUnit */,
			);
			name = addons;
			sourceTree = "<group>";
		};
		BBAB23C913894ECA00AA2426 /* system frameworks */ = {
			isa = PBXGroup;
			children = (
				E7F985F515E0DE99003869B5 /* Accelerate.framework */,
				E4C2424410CC5A17004149E2 /* AppKit.framework */,
				E4C2424510CC5A17004149E2 /* Cocoa.framework */,
				E4C2424610CC5A17004149E2 /* IOKit.framework */,
				E45BE9710E8CC7DD009D7055 /* AGL.framework */,
				E45BE9720E8CC7DD009D7055 /* ApplicationServices.framework */,
				E45BE9730E8CC7DD009D7055 /* AudioToolbox.framework */,
				E45BE9750E8CC7DD009D7055 /* CoreAudio.framework */,
				E45BE9760E8CC7DD009D7055 /* CoreFoundation.framework */,
				E45BE9770E8CC7DD009D7055 /* CoreServices.framework */,
				E45BE9790E8CC7DD009D7055 /* OpenGL.framework */,
				E45BE97A0E8CC7DD009D7055 /* QuickTime.framework */,
				E7E077E415D3B63C0020DFD4 /* CoreVideo.framework */,
				E7E077E715D3B6510020DFD4 /* QTKit.framework */,
			);
			name = "system frameworks";
			sourceTree = "<group>";
		};
		BBAB23CA13894EDB00AA2426 /* 3rd party frameworks */ = {
			isa = PBXGroup;
			children = (
				BBAB23BE13894E4700AA2426 /* GLUT.framework */,
			);
			name = "3rd party frameworks";
			sourceTree = "<group>";
		};
		E4328144138ABC890047C5CB /* Products */ = {
			isa = PBXGroup;
			children = (
				E4328148138ABC890047C5CB /* openFrameworksDebug.a */,
			);
			name = Products;
			sourceTree = "<group>";
		};
		E45BE5980E8CC70C009D7055 /* frameworks */ = {
			isa = PBXGroup;
			children = (
				BBAB23CA13894EDB00AA2426 /* 3rd party frameworks */,
				BBAB23C913894ECA00AA2426 /* system frameworks */,
			);
			name = frameworks;
			sourceTree = "<group>";
		};
		E4B69B4A0A3A1720003C02F2 = {
			isa = PBXGroup;
			children = (
				29F2A1901B34337400EB0247 /* CoreAudioKit.framework */,
				29F2A18E1B34336A00EB0247 /* AudioUnit.framework */,
				E4B6FCAD0C3E899E008CF71C /* openFrameworks-Info.plist */,
				E4EB6923138AFD0F00A09F29 /* Project.xcconfig */,
				E4B69E1C0A3A1BDC003C02F2 /* src */,
				E4EEC9E9138DF44700A80321 /* openFrameworks */,
				BB4B014C10F69532006C3DED /* addons */,
				E45BE5980E8CC70C009D7055 /* frameworks */,
				E4B69B5B0A3A1756003C02F2 /* FaceTheAudioDebug.app */,
			);
			sourceTree = "<group>";
		};
		E4B69E1C0A3A1BDC003C02F2 /* src */ = {
			isa = PBXGroup;
			children = (
				E4B69E1D0A3A1BDC003C02F2 /* main.cpp */,
				E4B69E1E0A3A1BDC003C02F2 /* ofApp.cpp */,
				E4B69E1F0A3A1BDC003C02F2 /* ofApp.h */,
			);
			path = src;
			sourceTree = SOURCE_ROOT;
		};
		E4EEC9E9138DF44700A80321 /* openFrameworks */ = {
			isa = PBXGroup;
			children = (
				E4EB691F138AFCF100A09F29 /* CoreOF.xcconfig */,
				E4328143138ABC890047C5CB /* openFrameworksLib.xcodeproj */,
			);
			name = openFrameworks;
			sourceTree = "<group>";
		};
/* End PBXGroup section */

/* Begin PBXNativeTarget section */
		E4B69B5A0A3A1756003C02F2 /* FaceTheAudio */ = {
			isa = PBXNativeTarget;
			buildConfigurationList = E4B69B5F0A3A1757003C02F2 /* Build configuration list for PBXNativeTarget "FaceTheAudio" */;
			buildPhases = (
				E4B69B580A3A1756003C02F2 /* Sources */,
				E4B69B590A3A1756003C02F2 /* Frameworks */,
				E4B6FFFD0C3F9AB9008CF71C /* ShellScript */,
				E4C2427710CC5ABF004149E2 /* CopyFiles */,
			);
			buildRules = (
			);
			dependencies = (
				E4EEB9AC138B136A00A80321 /* PBXTargetDependency */,
			);
			name = FaceTheAudio;
			productName = myOFApp;
			productReference = E4B69B5B0A3A1756003C02F2 /* FaceTheAudioDebug.app */;
			productType = "com.apple.product-type.application";
		};
/* End PBXNativeTarget section */

/* Begin PBXProject section */
		E4B69B4C0A3A1720003C02F2 /* Project object */ = {
			isa = PBXProject;
			attributes = {
				LastUpgradeCheck = 0460;
			};
			buildConfigurationList = E4B69B4D0A3A1720003C02F2 /* Build configuration list for PBXProject "FaceTheAudio" */;
			compatibilityVersion = "Xcode 3.2";
			developmentRegion = English;
			hasScannedForEncodings = 0;
			knownRegions = (
				English,
				Japanese,
				French,
				German,
			);
			mainGroup = E4B69B4A0A3A1720003C02F2;
			productRefGroup = E4B69B4A0A3A1720003C02F2;
			projectDirPath = "";
			projectReferences = (
				{
					ProductGroup = E4328144138ABC890047C5CB /* Products */;
					ProjectRef = E4328143138ABC890047C5CB /* openFrameworksLib.xcodeproj */;
				},
			);
			projectRoot = "";
			targets = (
				E4B69B5A0A3A1756003C02F2 /* FaceTheAudio */,
			);
		};
/* End PBXProject section */

/* Begin PBXReferenceProxy section */
		E4328148138ABC890047C5CB /* openFrameworksDebug.a */ = {
			isa = PBXReferenceProxy;
			fileType = archive.ar;
			path = openFrameworksDebug.a;
			remoteRef = E4328147138ABC890047C5CB /* PBXContainerItemProxy */;
			sourceTree = BUILT_PRODUCTS_DIR;
		};
/* End PBXReferenceProxy section */

/* Begin PBXShellScriptBuildPhase section */
		E4B6FFFD0C3F9AB9008CF71C /* ShellScript */ = {
			isa = PBXShellScriptBuildPhase;
			buildActionMask = 2147483647;
			files = (
			);
			inputPaths = (
			);
			outputPaths = (
			);
			runOnlyForDeploymentPostprocessing = 0;
			shellPath = /bin/sh;
			shellScript = "cp -f ../../../libs/fmodex/lib/osx/libfmodex.dylib \"$TARGET_BUILD_DIR/$PRODUCT_NAME.app/Contents/MacOS/libfmodex.dylib\"; install_name_tool -change ./libfmodex.dylib @executable_path/libfmodex.dylib \"$TARGET_BUILD_DIR/$PRODUCT_NAME.app/Contents/MacOS/$PRODUCT_NAME\";\nmkdir -p \"$TARGET_BUILD_DIR/$PRODUCT_NAME.app/Contents/Resources/\"\ncp -f \"$ICON_FILE\" \"$TARGET_BUILD_DIR/$PRODUCT_NAME.app/Contents/Resources/\"\n";
		};
/* End PBXShellScriptBuildPhase section */

/* Begin PBXSourcesBuildPhase section */
		E4B69B580A3A1756003C02F2 /* Sources */ = {
			isa = PBXSourcesBuildPhase;
			buildActionMask = 2147483647;
			files = (
				29F2A17C1B34331200EB0247 /* ofxAudioUnitDSPNode.cpp in Sources */,
				2977F4071B332CE000735A7E /* Helpers.cpp in Sources */,
				29F2A1831B34331200EB0247 /* ofxAudioUnitMixer.cpp in Sources */,
				2977F40B1B332CE000735A7E /* Tracker.cpp in Sources */,
				29F2A0F51B342A7200EB0247 /* FDet.cc in Sources */,
				29F2A1771B34331200EB0247 /* AUParamInfo.cpp in Sources */,
				29F2A18B1B34331200EB0247 /* TPCircularBuffer.c in Sources */,
				29F2A1811B34331200EB0247 /* ofxAudioUnitMatrixMixer.cpp in Sources */,
				2977F4041B332CE000735A7E /* ContourFinder.cpp in Sources */,
				2977F4061B332CE000735A7E /* Flow.cpp in Sources */,
				29F2A1801B34331200EB0247 /* ofxAudioUnitInput.cpp in Sources */,
				29F2A0F81B342A7200EB0247 /* PAW.cc in Sources */,
				2977F40D1B332CE000735A7E /* Wrappers.cpp in Sources */,
				29F2A0F41B342A7200EB0247 /* FCheck.cc in Sources */,
				2977F4011B332CE000735A7E /* ETF.cpp in Sources */,
				29F2A1821B34331200EB0247 /* ofxAudioUnitMidi.cpp in Sources */,
				2977F4021B332CE000735A7E /* fdog.cpp in Sources */,
				29F2A1851B34331200EB0247 /* ofxAudioUnitNetSend.cpp in Sources */,
				29F2A1861B34331200EB0247 /* ofxAudioUnitOutput.cpp in Sources */,
				29F2A17A1B34331200EB0247 /* ofxAudioUnit.cpp in Sources */,
				29F2A18A1B34331200EB0247 /* ofxAudioUnitTap.cpp in Sources */,
				2977F40C1B332CE000735A7E /* Utilities.cpp in Sources */,
				29F2A0F61B342A7200EB0247 /* IO.cc in Sources */,
				2977F4081B332CE000735A7E /* Kalman.cpp in Sources */,
				29F2A1871B34331200EB0247 /* ofxAudioUnitRecorder.cpp in Sources */,
				29F2A17F1B34331200EB0247 /* ofxAudioUnitHardwareUtils.cpp in Sources */,
				29F2A0F91B342A7200EB0247 /* PDM.cc in Sources */,
				29F2A0F71B342A7200EB0247 /* Patch.cc in Sources */,
				E4B69E200A3A1BDC003C02F2 /* main.cpp in Sources */,
				29F2A0F31B342A7200EB0247 /* CLM.cc in Sources */,
				29F2A0FA1B342A7200EB0247 /* Tracker.cc in Sources */,
				29F2A0F01B342A7200EB0247 /* ExpressionClassifier.cpp in Sources */,
				29F2A1781B34331200EB0247 /* CAAUParameter.cpp in Sources */,
				29F2A1891B34331200EB0247 /* ofxAudioUnitSpeechSynth.cpp in Sources */,
				2977F40A1B332CE000735A7E /* RunningBackground.cpp in Sources */,
				2977F4031B332CE000735A7E /* Calibration.cpp in Sources */,
				29F2A17E1B34331200EB0247 /* ofxAudioUnitFilePlayer.cpp in Sources */,
				E4B69E210A3A1BDC003C02F2 /* ofApp.cpp in Sources */,
				2977F4051B332CE000735A7E /* Distance.cpp in Sources */,
				29F2A0F21B342A7200EB0247 /* license.md in Sources */,
				29F2A17B1B34331200EB0247 /* ofxAudioUnitCocoaUtilties.mm in Sources */,
				29F2A0F11B342A7200EB0247 /* ofxFaceTracker.cpp in Sources */,
				29F2A1841B34331200EB0247 /* ofxAudioUnitNetReceive.cpp in Sources */,
				2977F4091B332CE000735A7E /* ObjectFinder.cpp in Sources */,
				29F2A1791B34331200EB0247 /* CADebugMacros.cpp in Sources */,
				29F2A0EF1B342A7200EB0247 /* Expression.cpp in Sources */,
				29F2A17D1B34331200EB0247 /* ofxAudioUnitFftNode.cpp in Sources */,
				29F2A1881B34331200EB0247 /* ofxAudioUnitSampler.cpp in Sources */,
			);
			runOnlyForDeploymentPostprocessing = 0;
		};
/* End PBXSourcesBuildPhase section */

/* Begin PBXTargetDependency section */
		E4EEB9AC138B136A00A80321 /* PBXTargetDependency */ = {
			isa = PBXTargetDependency;
			name = openFrameworks;
			targetProxy = E4EEB9AB138B136A00A80321 /* PBXContainerItemProxy */;
		};
/* End PBXTargetDependency section */

/* Begin XCBuildConfiguration section */
		E4B69B4E0A3A1720003C02F2 /* Debug */ = {
			isa = XCBuildConfiguration;
			baseConfigurationReference = E4EB6923138AFD0F00A09F29 /* Project.xcconfig */;
			buildSettings = {
				ARCHS = "$(NATIVE_ARCH)";
				CONFIGURATION_BUILD_DIR = "$(SRCROOT)/bin/";
				COPY_PHASE_STRIP = NO;
				DEAD_CODE_STRIPPING = YES;
				GCC_AUTO_VECTORIZATION = YES;
				GCC_ENABLE_SSE3_EXTENSIONS = YES;
				GCC_ENABLE_SUPPLEMENTAL_SSE3_INSTRUCTIONS = YES;
				GCC_INLINES_ARE_PRIVATE_EXTERN = NO;
				GCC_OPTIMIZATION_LEVEL = 0;
				GCC_SYMBOLS_PRIVATE_EXTERN = NO;
				GCC_WARN_ABOUT_DEPRECATED_FUNCTIONS = YES;
				GCC_WARN_ABOUT_INVALID_OFFSETOF_MACRO = NO;
				GCC_WARN_ALLOW_INCOMPLETE_PROTOCOL = NO;
				GCC_WARN_UNINITIALIZED_AUTOS = NO;
				GCC_WARN_UNUSED_VALUE = NO;
				GCC_WARN_UNUSED_VARIABLE = NO;
				MACOSX_DEPLOYMENT_TARGET = 10.6;
				OTHER_CPLUSPLUSFLAGS = (
					"-D__MACOSX_CORE__",
					"-lpthread",
					"-mtune=native",
				);
				SDKROOT = macosx;
			};
			name = Debug;
		};
		E4B69B4F0A3A1720003C02F2 /* Release */ = {
			isa = XCBuildConfiguration;
			baseConfigurationReference = E4EB6923138AFD0F00A09F29 /* Project.xcconfig */;
			buildSettings = {
				ARCHS = "$(NATIVE_ARCH)";
				CONFIGURATION_BUILD_DIR = "$(SRCROOT)/bin/";
				COPY_PHASE_STRIP = YES;
				DEAD_CODE_STRIPPING = YES;
				GCC_AUTO_VECTORIZATION = YES;
				GCC_ENABLE_SSE3_EXTENSIONS = YES;
				GCC_ENABLE_SUPPLEMENTAL_SSE3_INSTRUCTIONS = YES;
				GCC_INLINES_ARE_PRIVATE_EXTERN = NO;
				GCC_OPTIMIZATION_LEVEL = 3;
				GCC_SYMBOLS_PRIVATE_EXTERN = NO;
				GCC_UNROLL_LOOPS = YES;
				GCC_WARN_ABOUT_DEPRECATED_FUNCTIONS = YES;
				GCC_WARN_ABOUT_INVALID_OFFSETOF_MACRO = NO;
				GCC_WARN_ALLOW_INCOMPLETE_PROTOCOL = NO;
				GCC_WARN_UNINITIALIZED_AUTOS = NO;
				GCC_WARN_UNUSED_VALUE = NO;
				GCC_WARN_UNUSED_VARIABLE = NO;
				MACOSX_DEPLOYMENT_TARGET = 10.6;
				OTHER_CPLUSPLUSFLAGS = (
					"-D__MACOSX_CORE__",
					"-lpthread",
					"-mtune=native",
				);
				SDKROOT = macosx;
			};
			name = Release;
		};
		E4B69B600A3A1757003C02F2 /* Debug */ = {
			isa = XCBuildConfiguration;
			buildSettings = {
				COMBINE_HIDPI_IMAGES = YES;
				COPY_PHASE_STRIP = NO;
				FRAMEWORK_SEARCH_PATHS = (
					"$(inherited)",
					"$(FRAMEWORK_SEARCH_PATHS_QUOTED_FOR_TARGET_1)",
				);
				FRAMEWORK_SEARCH_PATHS_QUOTED_FOR_TARGET_1 = "\"$(SRCROOT)/../../../libs/glut/lib/osx\"";
				GCC_DYNAMIC_NO_PIC = NO;
				GCC_GENERATE_DEBUGGING_SYMBOLS = YES;
				GCC_MODEL_TUNING = NONE;
				ICON = "$(ICON_NAME_DEBUG)";
				ICON_FILE = "$(ICON_FILE_PATH)$(ICON)";
				INFOPLIST_FILE = "openFrameworks-Info.plist";
				INSTALL_PATH = "$(HOME)/Applications";
				LIBRARY_SEARCH_PATHS = (
					"$(inherited)",
					"$(LIBRARY_SEARCH_PATHS_QUOTED_FOR_TARGET_1)",
					"$(LIBRARY_SEARCH_PATHS_QUOTED_FOR_TARGET_2)",
					"$(LIBRARY_SEARCH_PATHS_QUOTED_FOR_TARGET_3)",
					"$(LIBRARY_SEARCH_PATHS_QUOTED_FOR_TARGET_4)",
					"$(LIBRARY_SEARCH_PATHS_QUOTED_FOR_TARGET_5)",
					"$(LIBRARY_SEARCH_PATHS_QUOTED_FOR_TARGET_6)",
					"$(LIBRARY_SEARCH_PATHS_QUOTED_FOR_TARGET_7)",
					"$(LIBRARY_SEARCH_PATHS_QUOTED_FOR_TARGET_8)",
					"$(LIBRARY_SEARCH_PATHS_QUOTED_FOR_TARGET_9)",
					"$(LIBRARY_SEARCH_PATHS_QUOTED_FOR_TARGET_10)",
					"$(LIBRARY_SEARCH_PATHS_QUOTED_FOR_TARGET_11)",
					"$(LIBRARY_SEARCH_PATHS_QUOTED_FOR_TARGET_12)",
					"$(LIBRARY_SEARCH_PATHS_QUOTED_FOR_TARGET_13)",
					"$(LIBRARY_SEARCH_PATHS_QUOTED_FOR_TARGET_14)",
					"$(LIBRARY_SEARCH_PATHS_QUOTED_FOR_TARGET_15)",
					"$(LIBRARY_SEARCH_PATHS_QUOTED_FOR_TARGET_2)",
					"$(LIBRARY_SEARCH_PATHS_QUOTED_FOR_TARGET_3)",
					"$(LIBRARY_SEARCH_PATHS_QUOTED_FOR_TARGET_7)",
					"$(LIBRARY_SEARCH_PATHS_QUOTED_FOR_TARGET_8)",
					"$(LIBRARY_SEARCH_PATHS_QUOTED_FOR_TARGET_9)",
					"$(LIBRARY_SEARCH_PATHS_QUOTED_FOR_TARGET_10)",
					"$(LIBRARY_SEARCH_PATHS_QUOTED_FOR_TARGET_11)",
					"$(LIBRARY_SEARCH_PATHS_QUOTED_FOR_TARGET_12)",
					"$(LIBRARY_SEARCH_PATHS_QUOTED_FOR_TARGET_13)",
					"$(LIBRARY_SEARCH_PATHS_QUOTED_FOR_TARGET_16)",
					"$(LIBRARY_SEARCH_PATHS_QUOTED_FOR_TARGET_17)",
					"$(LIBRARY_SEARCH_PATHS_QUOTED_FOR_TARGET_18)",
					"$(LIBRARY_SEARCH_PATHS_QUOTED_FOR_TARGET_19)",
					"$(LIBRARY_SEARCH_PATHS_QUOTED_FOR_TARGET_20)",
					"$(LIBRARY_SEARCH_PATHS_QUOTED_FOR_TARGET_21)",
					"$(LIBRARY_SEARCH_PATHS_QUOTED_FOR_TARGET_22)",
					"$(LIBRARY_SEARCH_PATHS_QUOTED_FOR_TARGET_23)",
					"$(LIBRARY_SEARCH_PATHS_QUOTED_FOR_TARGET_24)",
					"$(LIBRARY_SEARCH_PATHS_QUOTED_FOR_TARGET_25)",
					"$(LIBRARY_SEARCH_PATHS_QUOTED_FOR_TARGET_26)",
					"$(LIBRARY_SEARCH_PATHS_QUOTED_FOR_TARGET_27)",
					"$(LIBRARY_SEARCH_PATHS_QUOTED_FOR_TARGET_28)",
					"$(LIBRARY_SEARCH_PATHS_QUOTED_FOR_TARGET_29)",
					"$(LIBRARY_SEARCH_PATHS_QUOTED_FOR_TARGET_30)",
					"$(LIBRARY_SEARCH_PATHS_QUOTED_FOR_TARGET_31)",
					"$(LIBRARY_SEARCH_PATHS_QUOTED_FOR_TARGET_32)",
					"$(LIBRARY_SEARCH_PATHS_QUOTED_FOR_TARGET_33)",
					"$(LIBRARY_SEARCH_PATHS_QUOTED_FOR_TARGET_34)",
					"$(LIBRARY_SEARCH_PATHS_QUOTED_FOR_TARGET_35)",
					"$(LIBRARY_SEARCH_PATHS_QUOTED_FOR_TARGET_36)",
					"$(LIBRARY_SEARCH_PATHS_QUOTED_FOR_TARGET_37)",
					"$(LIBRARY_SEARCH_PATHS_QUOTED_FOR_TARGET_38)",
					"$(LIBRARY_SEARCH_PATHS_QUOTED_FOR_TARGET_39)",
					"$(LIBRARY_SEARCH_PATHS_QUOTED_FOR_TARGET_40)",
					"$(LIBRARY_SEARCH_PATHS_QUOTED_FOR_TARGET_41)",
					"$(LIBRARY_SEARCH_PATHS_QUOTED_FOR_TARGET_42)",
					"$(LIBRARY_SEARCH_PATHS_QUOTED_FOR_TARGET_43)",
					"$(LIBRARY_SEARCH_PATHS_QUOTED_FOR_TARGET_44)",
					"$(LIBRARY_SEARCH_PATHS_QUOTED_FOR_TARGET_45)",
					"$(LIBRARY_SEARCH_PATHS_QUOTED_FOR_TARGET_46)",
					"$(LIBRARY_SEARCH_PATHS_QUOTED_FOR_TARGET_47)",
					"$(LIBRARY_SEARCH_PATHS_QUOTED_FOR_TARGET_48)",
					"$(LIBRARY_SEARCH_PATHS_QUOTED_FOR_TARGET_49)",
					"$(LIBRARY_SEARCH_PATHS_QUOTED_FOR_TARGET_50)",
					"$(LIBRARY_SEARCH_PATHS_QUOTED_FOR_TARGET_51)",
					"$(LIBRARY_SEARCH_PATHS_QUOTED_FOR_TARGET_52)",
					/Users/gr4yscale/code/open_frameworks_0_8_4/addons/ofxOpenCv/libs/opencv/lib/osx,
				);
				PRODUCT_NAME = "$(TARGET_NAME)Debug";
				USER_HEADER_SEARCH_PATHS = "../../../addons/ofxCv/../ofxOpenCv/libs/opencv/include ../../../addons/ofxCv/libs/ofxCv/include/ ../../../addons/ofxCv/libs/CLD/include/ ../../../addons/ofxFaceTracker/libs/FaceTracker/include/";
				WRAPPER_EXTENSION = app;
			};
			name = Debug;
		};
		E4B69B610A3A1757003C02F2 /* Release */ = {
			isa = XCBuildConfiguration;
			buildSettings = {
				COMBINE_HIDPI_IMAGES = YES;
				COPY_PHASE_STRIP = YES;
				FRAMEWORK_SEARCH_PATHS = (
					"$(inherited)",
					"$(FRAMEWORK_SEARCH_PATHS_QUOTED_FOR_TARGET_1)",
				);
				FRAMEWORK_SEARCH_PATHS_QUOTED_FOR_TARGET_1 = "\"$(SRCROOT)/../../../libs/glut/lib/osx\"";
				GCC_GENERATE_DEBUGGING_SYMBOLS = YES;
				GCC_MODEL_TUNING = NONE;
				ICON = "$(ICON_NAME_RELEASE)";
				ICON_FILE = "$(ICON_FILE_PATH)$(ICON)";
				INFOPLIST_FILE = "openFrameworks-Info.plist";
				INSTALL_PATH = "$(HOME)/Applications";
				LIBRARY_SEARCH_PATHS = (
					"$(inherited)",
					"$(LIBRARY_SEARCH_PATHS_QUOTED_FOR_TARGET_1)",
					"$(LIBRARY_SEARCH_PATHS_QUOTED_FOR_TARGET_2)",
					"$(LIBRARY_SEARCH_PATHS_QUOTED_FOR_TARGET_3)",
					"$(LIBRARY_SEARCH_PATHS_QUOTED_FOR_TARGET_4)",
					"$(LIBRARY_SEARCH_PATHS_QUOTED_FOR_TARGET_5)",
					"$(LIBRARY_SEARCH_PATHS_QUOTED_FOR_TARGET_6)",
					"$(LIBRARY_SEARCH_PATHS_QUOTED_FOR_TARGET_7)",
					"$(LIBRARY_SEARCH_PATHS_QUOTED_FOR_TARGET_8)",
					"$(LIBRARY_SEARCH_PATHS_QUOTED_FOR_TARGET_9)",
					"$(LIBRARY_SEARCH_PATHS_QUOTED_FOR_TARGET_10)",
					"$(LIBRARY_SEARCH_PATHS_QUOTED_FOR_TARGET_11)",
					"$(LIBRARY_SEARCH_PATHS_QUOTED_FOR_TARGET_12)",
					"$(LIBRARY_SEARCH_PATHS_QUOTED_FOR_TARGET_13)",
					"$(LIBRARY_SEARCH_PATHS_QUOTED_FOR_TARGET_14)",
					"$(LIBRARY_SEARCH_PATHS_QUOTED_FOR_TARGET_15)",
					"$(LIBRARY_SEARCH_PATHS_QUOTED_FOR_TARGET_2)",
					"$(LIBRARY_SEARCH_PATHS_QUOTED_1)",
					"$(LIBRARY_SEARCH_PATHS_QUOTED_FOR_TARGET_3)",
					"$(LIBRARY_SEARCH_PATHS_QUOTED_FOR_TARGET_7)",
					"$(LIBRARY_SEARCH_PATHS_QUOTED_FOR_TARGET_8)",
					"$(LIBRARY_SEARCH_PATHS_QUOTED_FOR_TARGET_9)",
					"$(LIBRARY_SEARCH_PATHS_QUOTED_FOR_TARGET_10)",
					"$(LIBRARY_SEARCH_PATHS_QUOTED_FOR_TARGET_11)",
					"$(LIBRARY_SEARCH_PATHS_QUOTED_FOR_TARGET_12)",
					"$(LIBRARY_SEARCH_PATHS_QUOTED_FOR_TARGET_13)",
					"$(LIBRARY_SEARCH_PATHS_QUOTED_FOR_TARGET_16)",
					"$(LIBRARY_SEARCH_PATHS_QUOTED_FOR_TARGET_17)",
					"$(LIBRARY_SEARCH_PATHS_QUOTED_FOR_TARGET_18)",
					"$(LIBRARY_SEARCH_PATHS_QUOTED_FOR_TARGET_19)",
					"$(LIBRARY_SEARCH_PATHS_QUOTED_FOR_TARGET_20)",
					"$(LIBRARY_SEARCH_PATHS_QUOTED_FOR_TARGET_21)",
					"$(LIBRARY_SEARCH_PATHS_QUOTED_FOR_TARGET_22)",
					"$(LIBRARY_SEARCH_PATHS_QUOTED_FOR_TARGET_23)",
					"$(LIBRARY_SEARCH_PATHS_QUOTED_FOR_TARGET_24)",
					"$(LIBRARY_SEARCH_PATHS_QUOTED_FOR_TARGET_25)",
					"$(LIBRARY_SEARCH_PATHS_QUOTED_FOR_TARGET_26)",
					"$(LIBRARY_SEARCH_PATHS_QUOTED_FOR_TARGET_27)",
					"$(LIBRARY_SEARCH_PATHS_QUOTED_FOR_TARGET_28)",
					"$(LIBRARY_SEARCH_PATHS_QUOTED_FOR_TARGET_29)",
					"$(LIBRARY_SEARCH_PATHS_QUOTED_FOR_TARGET_30)",
					"$(LIBRARY_SEARCH_PATHS_QUOTED_FOR_TARGET_31)",
					"$(LIBRARY_SEARCH_PATHS_QUOTED_FOR_TARGET_32)",
					"$(LIBRARY_SEARCH_PATHS_QUOTED_FOR_TARGET_33)",
					"$(LIBRARY_SEARCH_PATHS_QUOTED_FOR_TARGET_34)",
					"$(LIBRARY_SEARCH_PATHS_QUOTED_FOR_TARGET_35)",
					"$(LIBRARY_SEARCH_PATHS_QUOTED_FOR_TARGET_36)",
					"$(LIBRARY_SEARCH_PATHS_QUOTED_FOR_TARGET_37)",
					"$(LIBRARY_SEARCH_PATHS_QUOTED_FOR_TARGET_38)",
					"$(LIBRARY_SEARCH_PATHS_QUOTED_FOR_TARGET_39)",
					"$(LIBRARY_SEARCH_PATHS_QUOTED_FOR_TARGET_40)",
					"$(LIBRARY_SEARCH_PATHS_QUOTED_FOR_TARGET_41)",
					"$(LIBRARY_SEARCH_PATHS_QUOTED_FOR_TARGET_42)",
					"$(LIBRARY_SEARCH_PATHS_QUOTED_FOR_TARGET_43)",
					"$(LIBRARY_SEARCH_PATHS_QUOTED_FOR_TARGET_44)",
					"$(LIBRARY_SEARCH_PATHS_QUOTED_FOR_TARGET_45)",
					"$(LIBRARY_SEARCH_PATHS_QUOTED_FOR_TARGET_46)",
					"$(LIBRARY_SEARCH_PATHS_QUOTED_FOR_TARGET_47)",
					"$(LIBRARY_SEARCH_PATHS_QUOTED_FOR_TARGET_48)",
					"$(LIBRARY_SEARCH_PATHS_QUOTED_FOR_TARGET_49)",
					"$(LIBRARY_SEARCH_PATHS_QUOTED_FOR_TARGET_50)",
					"$(LIBRARY_SEARCH_PATHS_QUOTED_FOR_TARGET_51)",
					/Users/gr4yscale/code/open_frameworks_0_8_4/addons/ofxOpenCv/libs/opencv/lib/osx,
				);
				PRODUCT_NAME = "$(TARGET_NAME)";
				USER_HEADER_SEARCH_PATHS = "../../../addons/ofxCv/../ofxOpenCv/libs/opencv/include ../../../addons/ofxCv/libs/ofxCv/include/ ../../../addons/ofxCv/libs/CLD/include/ ../../../addons/ofxFaceTracker/libs/FaceTracker/include/";
				WRAPPER_EXTENSION = app;
			};
			name = Release;
		};
/* End XCBuildConfiguration section */

/* Begin XCConfigurationList section */
		E4B69B4D0A3A1720003C02F2 /* Build configuration list for PBXProject "FaceTheAudio" */ = {
			isa = XCConfigurationList;
			buildConfigurations = (
				E4B69B4E0A3A1720003C02F2 /* Debug */,
				E4B69B4F0A3A1720003C02F2 /* Release */,
			);
			defaultConfigurationIsVisible = 0;
			defaultConfigurationName = Release;
		};
		E4B69B5F0A3A1757003C02F2 /* Build configuration list for PBXNativeTarget "FaceTheAudio" */ = {
			isa = XCConfigurationList;
			buildConfigurations = (
				E4B69B600A3A1757003C02F2 /* Debug */,
				E4B69B610A3A1757003C02F2 /* Release */,
			);
			defaultConfigurationIsVisible = 0;
			defaultConfigurationName = Release;
		};
/* End XCConfigurationList section */
	};
	rootObject = E4B69B4C0A3A1720003C02F2 /* Project object */;
}
